
Microsoft Visual Studio Solution File, Format Version 12.00
# Visual Studio Version 16
VisualStudioVersion = 16.0.31515.178
MinimumVisualStudioVersion = 10.0.40219.1
Project("{FAE04EC0-301F-11D3-BF4B-00C04F79EFBC}") = "BazzeXYZ", "BazzeXYZ\BazzeXYZ.csproj", "{CEC0EF59-25ED-46A4-88D9-1CE113E520EC}"
EndProject
Global
	GlobalSection(SolutionConfigurationPlatforms) = preSolution
		Debug|Any CPU = Debug|Any CPU
		Release|Any CPU = Release|Any CPU
	EndGlobalSection
	GlobalSection(ProjectConfigurationPlatforms) = postSolution
		{CEC0EF59-25ED-46A4-88D9-1CE113E520EC}.Debug|Any CPU.ActiveCfg = Debug|Any CPU
		{CEC0EF59-25ED-46A4-88D9-1CE113E520EC}.Debug|Any CPU.Build.0 = Debug|Any CPU
		{CEC0EF59-25ED-46A4-88D9-1CE113E520EC}.Release|Any CPU.ActiveCfg = Release|Any CPU
		{CEC0EF59-25ED-46A4-88D9-1CE113E520EC}.Release|Any CPU.Build.0 = Release|Any CPU
	EndGlobalSection
	GlobalSection(SolutionProperties) = preSolution
		HideSolutionNode = FALSE
	EndGlobalSection
	GlobalSection(ExtensibilityGlobals) = postSolution
		SolutionGuid = {F5FB06FE-2963-4FD0-BE3C-CF4C77E060A6}
	EndGlobalSection
EndGlobal
